
Microsoft Visual Studio Solution File, Format Version 12.00
# Visual Studio Version 17
VisualStudioVersion = 17.1.32421.90
MinimumVisualStudioVersion = 10.0.40219.1
Project("{FAE04EC0-301F-11D3-BF4B-00C04F79EFBC}") = "Homework2", "Homework2\Homework2.csproj", "{D76FE959-BA23-48EF-AB05-4C486D48ED45}"
EndProject
Global
	GlobalSection(SolutionConfigurationPlatforms) = preSolution
		Debug|Any CPU = Debug|Any CPU
		Release|Any CPU = Release|Any CPU
	EndGlobalSection
	GlobalSection(ProjectConfigurationPlatforms) = postSolution
		{D76FE959-BA23-48EF-AB05-4C486D48ED45}.Debug|Any CPU.ActiveCfg = Debug|Any CPU
		{D76FE959-BA23-48EF-AB05-4C486D48ED45}.Debug|Any CPU.Build.0 = Debug|Any CPU
		{D76FE959-BA23-48EF-AB05-4C486D48ED45}.Release|Any CPU.ActiveCfg = Release|Any CPU
		{D76FE959-BA23-48EF-AB05-4C486D48ED45}.Release|Any CPU.Build.0 = Release|Any CPU
	EndGlobalSection
	GlobalSection(SolutionProperties) = preSolution
		HideSolutionNode = FALSE
	EndGlobalSection
	GlobalSection(ExtensibilityGlobals) = postSolution
		SolutionGuid = {28C10FDC-E55B-4F25-AF44-3FB32F201148}
	EndGlobalSection
EndGlobal
